// !$*UTF8*$!
{
	archiveVersion = 1;
	classes = {
	};
	objectVersion = 46;
	objects = {

/* Begin PBXBuildFile section */
		8D85FF921D649DDD002FD710 /* EmitterLayer.swift in Sources */ = {isa = PBXBuildFile; fileRef = 8D85FF911D649DDD002FD710 /* EmitterLayer.swift */; };
		8D85FF941D649DE8002FD710 /* spark.png in Resources */ = {isa = PBXBuildFile; fileRef = 8D85FF931D649DE8002FD710 /* spark.png */; };
		8D85FFA61D64A841002FD710 /* RangeSlider.swift in Sources */ = {isa = PBXBuildFile; fileRef = 8D85FFA51D64A841002FD710 /* RangeSlider.swift */; };
		8D85FFA81D64ADA6002FD710 /* RangeSliderThumbLayer.swift in Sources */ = {isa = PBXBuildFile; fileRef = 8D85FFA71D64ADA6002FD710 /* RangeSliderThumbLayer.swift */; };
		8D85FFAA1D64BC6F002FD710 /* RangeSliderTrackLayer.swift in Sources */ = {isa = PBXBuildFile; fileRef = 8D85FFA91D64BC6F002FD710 /* RangeSliderTrackLayer.swift */; };
		8DB69E141D636859006EF766 /* AppDelegate.swift in Sources */ = {isa = PBXBuildFile; fileRef = 8DB69E131D636859006EF766 /* AppDelegate.swift */; };
		8DB69E161D636859006EF766 /* PokedexViewController.swift in Sources */ = {isa = PBXBuildFile; fileRef = 8DB69E151D636859006EF766 /* PokedexViewController.swift */; };
		8DB69E191D636859006EF766 /* Main.storyboard in Resources */ = {isa = PBXBuildFile; fileRef = 8DB69E171D636859006EF766 /* Main.storyboard */; };
		8DB69E1B1D636859006EF766 /* Assets.xcassets in Resources */ = {isa = PBXBuildFile; fileRef = 8DB69E1A1D636859006EF766 /* Assets.xcassets */; };
		8DB69E1E1D636859006EF766 /* LaunchScreen.storyboard in Resources */ = {isa = PBXBuildFile; fileRef = 8DB69E1C1D636859006EF766 /* LaunchScreen.storyboard */; };
		8DB69E271D63706F006EF766 /* PokedexCollectionViewCell.swift in Sources */ = {isa = PBXBuildFile; fileRef = 8DB69E261D63706F006EF766 /* PokedexCollectionViewCell.swift */; };
		AE23B5641D66A7700002003E /* LevelDataList.swift in Sources */ = {isa = PBXBuildFile; fileRef = AE23B5631D66A7700002003E /* LevelDataList.swift */; };
		AE86ED1C1D6D3CEF00B5E4C0 /* MovesDataList.swift in Sources */ = {isa = PBXBuildFile; fileRef = AE86ED1B1D6D3CEF00B5E4C0 /* MovesDataList.swift */; };
		AE8C7F381D658E4E00BBE93E /* MyCustomView.swift in Sources */ = {isa = PBXBuildFile; fileRef = AE8C7F371D658E4E00BBE93E /* MyCustomView.swift */; };
		AE9918FA1D6A915900D6996C /* RulerSlider.swift in Sources */ = {isa = PBXBuildFile; fileRef = AE9918F71D6A915900D6996C /* RulerSlider.swift */; };
		AE9918FB1D6A915900D6996C /* RulerSliderThumbLayer.swift in Sources */ = {isa = PBXBuildFile; fileRef = AE9918F81D6A915900D6996C /* RulerSliderThumbLayer.swift */; };
		AE9918FC1D6A915900D6996C /* RulerSliderTrackLayer.swift in Sources */ = {isa = PBXBuildFile; fileRef = AE9918F91D6A915900D6996C /* RulerSliderTrackLayer.swift */; };
		AEE7C0CB1D6413DF00DD2480 /* PokemonData.swift in Sources */ = {isa = PBXBuildFile; fileRef = AEE7C0CA1D6413DF00DD2480 /* PokemonData.swift */; };
		AEE7C0CE1D6417B600DD2480 /* PokemonViewController.swift in Sources */ = {isa = PBXBuildFile; fileRef = AEE7C0CD1D6417B600DD2480 /* PokemonViewController.swift */; };
/* End PBXBuildFile section */

/* Begin PBXFileReference section */
		8D85FF911D649DDD002FD710 /* EmitterLayer.swift */ = {isa = PBXFileReference; fileEncoding = 4; lastKnownFileType = sourcecode.swift; name = EmitterLayer.swift; path = Content/EmitterLayer.swift; sourceTree = "<group>"; };
		8D85FF931D649DE8002FD710 /* spark.png */ = {isa = PBXFileReference; lastKnownFileType = image.png; name = spark.png; path = Content/spark.png; sourceTree = "<group>"; };
		8D85FFA51D64A841002FD710 /* RangeSlider.swift */ = {isa = PBXFileReference; fileEncoding = 4; lastKnownFileType = sourcecode.swift; path = RangeSlider.swift; sourceTree = "<group>"; };
		8D85FFA71D64ADA6002FD710 /* RangeSliderThumbLayer.swift */ = {isa = PBXFileReference; fileEncoding = 4; lastKnownFileType = sourcecode.swift; path = RangeSliderThumbLayer.swift; sourceTree = "<group>"; };
		8D85FFA91D64BC6F002FD710 /* RangeSliderTrackLayer.swift */ = {isa = PBXFileReference; fileEncoding = 4; lastKnownFileType = sourcecode.swift; path = RangeSliderTrackLayer.swift; sourceTree = "<group>"; };
		8DB69E101D636859006EF766 /* Pokedex.app */ = {isa = PBXFileReference; explicitFileType = wrapper.application; includeInIndex = 0; path = Pokedex.app; sourceTree = BUILT_PRODUCTS_DIR; };
		8DB69E131D636859006EF766 /* AppDelegate.swift */ = {isa = PBXFileReference; lastKnownFileType = sourcecode.swift; path = AppDelegate.swift; sourceTree = "<group>"; };
		8DB69E151D636859006EF766 /* PokedexViewController.swift */ = {isa = PBXFileReference; lastKnownFileType = sourcecode.swift; path = PokedexViewController.swift; sourceTree = "<group>"; };
		8DB69E181D636859006EF766 /* Base */ = {isa = PBXFileReference; lastKnownFileType = file.storyboard; name = Base; path = Base.lproj/Main.storyboard; sourceTree = "<group>"; };
		8DB69E1A1D636859006EF766 /* Assets.xcassets */ = {isa = PBXFileReference; lastKnownFileType = folder.assetcatalog; path = Assets.xcassets; sourceTree = "<group>"; };
		8DB69E1D1D636859006EF766 /* Base */ = {isa = PBXFileReference; lastKnownFileType = file.storyboard; name = Base; path = Base.lproj/LaunchScreen.storyboard; sourceTree = "<group>"; };
		8DB69E1F1D636859006EF766 /* Info.plist */ = {isa = PBXFileReference; lastKnownFileType = text.plist.xml; path = Info.plist; sourceTree = "<group>"; };
		8DB69E261D63706F006EF766 /* PokedexCollectionViewCell.swift */ = {isa = PBXFileReference; fileEncoding = 4; lastKnownFileType = sourcecode.swift; path = PokedexCollectionViewCell.swift; sourceTree = "<group>"; };
		AE23B5631D66A7700002003E /* LevelDataList.swift */ = {isa = PBXFileReference; fileEncoding = 4; lastKnownFileType = sourcecode.swift; path = LevelDataList.swift; sourceTree = "<group>"; };
		AE86ED1B1D6D3CEF00B5E4C0 /* MovesDataList.swift */ = {isa = PBXFileReference; fileEncoding = 4; lastKnownFileType = sourcecode.swift; path = MovesDataList.swift; sourceTree = "<group>"; };
		AE8C7F371D658E4E00BBE93E /* MyCustomView.swift */ = {isa = PBXFileReference; fileEncoding = 4; lastKnownFileType = sourcecode.swift; path = MyCustomView.swift; sourceTree = "<group>"; };
		AE9918F71D6A915900D6996C /* RulerSlider.swift */ = {isa = PBXFileReference; fileEncoding = 4; lastKnownFileType = sourcecode.swift; path = RulerSlider.swift; sourceTree = "<group>"; };
		AE9918F81D6A915900D6996C /* RulerSliderThumbLayer.swift */ = {isa = PBXFileReference; fileEncoding = 4; lastKnownFileType = sourcecode.swift; path = RulerSliderThumbLayer.swift; sourceTree = "<group>"; };
		AE9918F91D6A915900D6996C /* RulerSliderTrackLayer.swift */ = {isa = PBXFileReference; fileEncoding = 4; lastKnownFileType = sourcecode.swift; path = RulerSliderTrackLayer.swift; sourceTree = "<group>"; };
		AEE7C0CA1D6413DF00DD2480 /* PokemonData.swift */ = {isa = PBXFileReference; fileEncoding = 4; lastKnownFileType = sourcecode.swift; path = PokemonData.swift; sourceTree = "<group>"; };
		AEE7C0CD1D6417B600DD2480 /* PokemonViewController.swift */ = {isa = PBXFileReference; fileEncoding = 4; lastKnownFileType = sourcecode.swift; path = PokemonViewController.swift; sourceTree = "<group>"; };
/* End PBXFileReference section */

/* Begin PBXFrameworksBuildPhase section */
		8DB69E0D1D636859006EF766 /* Frameworks */ = {
			isa = PBXFrameworksBuildPhase;
			buildActionMask = 2147483647;
			files = (
			);
			runOnlyForDeploymentPostprocessing = 0;
		};
/* End PBXFrameworksBuildPhase section */

/* Begin PBXGroup section */
		8D85FF9C1D649DFA002FD710 /* Content */ = {
			isa = PBXGroup;
			children = (
				AE9918FD1D6A915E00D6996C /* RulerSlider */,
				AE3E1BE91D67024700840C4A /* RangeSlider */,
				AE23B5631D66A7700002003E /* LevelDataList.swift */,
				AE86ED1B1D6D3CEF00B5E4C0 /* MovesDataList.swift */,
				8D85FF911D649DDD002FD710 /* EmitterLayer.swift */,
				8D85FF931D649DE8002FD710 /* spark.png */,
			);
			name = Content;
			sourceTree = "<group>";
		};
		8DB69E071D636859006EF766 = {
			isa = PBXGroup;
			children = (
				8DB69E121D636859006EF766 /* Pokedex */,
				8DB69E111D636859006EF766 /* Products */,
			);
			sourceTree = "<group>";
		};
		8DB69E111D636859006EF766 /* Products */ = {
			isa = PBXGroup;
			children = (
				8DB69E101D636859006EF766 /* Pokedex.app */,
			);
			name = Products;
			sourceTree = "<group>";
		};
		8DB69E121D636859006EF766 /* Pokedex */ = {
			isa = PBXGroup;
			children = (
				8DB69E131D636859006EF766 /* AppDelegate.swift */,
				AEE7C0CA1D6413DF00DD2480 /* PokemonData.swift */,
				8DB69E251D636B0D006EF766 /* Storyboard */,
				AEE7C0CC1D64173700DD2480 /* View Controllers */,
				AE3E1BEA1D67025500840C4A /* View */,
				8D85FF9C1D649DFA002FD710 /* Content */,
				8DB69E1A1D636859006EF766 /* Assets.xcassets */,
				8DB69E1F1D636859006EF766 /* Info.plist */,
			);
			path = Pokedex;
			sourceTree = "<group>";
		};
		8DB69E251D636B0D006EF766 /* Storyboard */ = {
			isa = PBXGroup;
			children = (
				8DB69E171D636859006EF766 /* Main.storyboard */,
				8DB69E1C1D636859006EF766 /* LaunchScreen.storyboard */,
			);
			name = Storyboard;
			sourceTree = "<group>";
		};
		AE3E1BE91D67024700840C4A /* RangeSlider */ = {
			isa = PBXGroup;
			children = (
				8D85FFA51D64A841002FD710 /* RangeSlider.swift */,
				8D85FFA91D64BC6F002FD710 /* RangeSliderTrackLayer.swift */,
				8D85FFA71D64ADA6002FD710 /* RangeSliderThumbLayer.swift */,
			);
			name = RangeSlider;
			sourceTree = "<group>";
		};
		AE3E1BEA1D67025500840C4A /* View */ = {
			isa = PBXGroup;
			children = (
				AE8C7F371D658E4E00BBE93E /* MyCustomView.swift */,
			);
			name = View;
			sourceTree = "<group>";
		};
		AE9918FD1D6A915E00D6996C /* RulerSlider */ = {
			isa = PBXGroup;
			children = (
				AE9918F71D6A915900D6996C /* RulerSlider.swift */,
				AE9918F91D6A915900D6996C /* RulerSliderTrackLayer.swift */,
				AE9918F81D6A915900D6996C /* RulerSliderThumbLayer.swift */,
			);
			name = RulerSlider;
			sourceTree = "<group>";
		};
		AEE7C0CC1D64173700DD2480 /* View Controllers */ = {
			isa = PBXGroup;
			children = (
				8DB69E151D636859006EF766 /* PokedexViewController.swift */,
				8DB69E261D63706F006EF766 /* PokedexCollectionViewCell.swift */,
				AEE7C0CD1D6417B600DD2480 /* PokemonViewController.swift */,
			);
			name = "View Controllers";
			sourceTree = "<group>";
		};
/* End PBXGroup section */

/* Begin PBXNativeTarget section */
		8DB69E0F1D636859006EF766 /* Pokedex */ = {
			isa = PBXNativeTarget;
			buildConfigurationList = 8DB69E221D636859006EF766 /* Build configuration list for PBXNativeTarget "Pokedex" */;
			buildPhases = (
				8DB69E0C1D636859006EF766 /* Sources */,
				8DB69E0D1D636859006EF766 /* Frameworks */,
				8DB69E0E1D636859006EF766 /* Resources */,
			);
			buildRules = (
			);
			dependencies = (
			);
			name = Pokedex;
			productName = Pokedex;
			productReference = 8DB69E101D636859006EF766 /* Pokedex.app */;
			productType = "com.apple.product-type.application";
		};
/* End PBXNativeTarget section */

/* Begin PBXProject section */
		8DB69E081D636859006EF766 /* Project object */ = {
			isa = PBXProject;
			attributes = {
				LastSwiftUpdateCheck = 0730;
				LastUpgradeCheck = 0730;
				ORGANIZATIONNAME = Javan;
				TargetAttributes = {
					8DB69E0F1D636859006EF766 = {
						CreatedOnToolsVersion = 7.3.1;
						DevelopmentTeam = DXW4P24PDX;
					};
				};
			};
			buildConfigurationList = 8DB69E0B1D636859006EF766 /* Build configuration list for PBXProject "Pokedex" */;
			compatibilityVersion = "Xcode 3.2";
			developmentRegion = English;
			hasScannedForEncodings = 0;
			knownRegions = (
				en,
				Base,
			);
			mainGroup = 8DB69E071D636859006EF766;
			productRefGroup = 8DB69E111D636859006EF766 /* Products */;
			projectDirPath = "";
			projectRoot = "";
			targets = (
				8DB69E0F1D636859006EF766 /* Pokedex */,
			);
		};
/* End PBXProject section */

/* Begin PBXResourcesBuildPhase section */
		8DB69E0E1D636859006EF766 /* Resources */ = {
			isa = PBXResourcesBuildPhase;
			buildActionMask = 2147483647;
			files = (
				8DB69E1E1D636859006EF766 /* LaunchScreen.storyboard in Resources */,
				8D85FF941D649DE8002FD710 /* spark.png in Resources */,
				8DB69E1B1D636859006EF766 /* Assets.xcassets in Resources */,
				8DB69E191D636859006EF766 /* Main.storyboard in Resources */,
			);
			runOnlyForDeploymentPostprocessing = 0;
		};
/* End PBXResourcesBuildPhase section */

/* Begin PBXSourcesBuildPhase section */
		8DB69E0C1D636859006EF766 /* Sources */ = {
			isa = PBXSourcesBuildPhase;
			buildActionMask = 2147483647;
			files = (
				8DB69E161D636859006EF766 /* PokedexViewController.swift in Sources */,
				AE86ED1C1D6D3CEF00B5E4C0 /* MovesDataList.swift in Sources */,
				AEE7C0CE1D6417B600DD2480 /* PokemonViewController.swift in Sources */,
				8DB69E141D636859006EF766 /* AppDelegate.swift in Sources */,
				8D85FFA61D64A841002FD710 /* RangeSlider.swift in Sources */,
				8D85FFA81D64ADA6002FD710 /* RangeSliderThumbLayer.swift in Sources */,
				AE9918FA1D6A915900D6996C /* RulerSlider.swift in Sources */,
				AE9918FB1D6A915900D6996C /* RulerSliderThumbLayer.swift in Sources */,
				8DB69E271D63706F006EF766 /* PokedexCollectionViewCell.swift in Sources */,
				8D85FF921D649DDD002FD710 /* EmitterLayer.swift in Sources */,
				AE9918FC1D6A915900D6996C /* RulerSliderTrackLayer.swift in Sources */,
				AE8C7F381D658E4E00BBE93E /* MyCustomView.swift in Sources */,
				AE23B5641D66A7700002003E /* LevelDataList.swift in Sources */,
				8D85FFAA1D64BC6F002FD710 /* RangeSliderTrackLayer.swift in Sources */,
				AEE7C0CB1D6413DF00DD2480 /* PokemonData.swift in Sources */,
			);
			runOnlyForDeploymentPostprocessing = 0;
		};
/* End PBXSourcesBuildPhase section */

/* Begin PBXVariantGroup section */
		8DB69E171D636859006EF766 /* Main.storyboard */ = {
			isa = PBXVariantGroup;
			children = (
				8DB69E181D636859006EF766 /* Base */,
			);
			name = Main.storyboard;
			sourceTree = "<group>";
		};
		8DB69E1C1D636859006EF766 /* LaunchScreen.storyboard */ = {
			isa = PBXVariantGroup;
			children = (
				8DB69E1D1D636859006EF766 /* Base */,
			);
			name = LaunchScreen.storyboard;
			sourceTree = "<group>";
		};
/* End PBXVariantGroup section */

/* Begin XCBuildConfiguration section */
		8DB69E201D636859006EF766 /* Debug */ = {
			isa = XCBuildConfiguration;
			buildSettings = {
				ALWAYS_SEARCH_USER_PATHS = NO;
				CLANG_ANALYZER_NONNULL = YES;
				CLANG_CXX_LANGUAGE_STANDARD = "gnu++0x";
				CLANG_CXX_LIBRARY = "libc++";
				CLANG_ENABLE_MODULES = YES;
				CLANG_ENABLE_OBJC_ARC = YES;
				CLANG_WARN_BOOL_CONVERSION = YES;
				CLANG_WARN_CONSTANT_CONVERSION = YES;
				CLANG_WARN_DIRECT_OBJC_ISA_USAGE = YES_ERROR;
				CLANG_WARN_EMPTY_BODY = YES;
				CLANG_WARN_ENUM_CONVERSION = YES;
				CLANG_WARN_INT_CONVERSION = YES;
				CLANG_WARN_OBJC_ROOT_CLASS = YES_ERROR;
				CLANG_WARN_UNREACHABLE_CODE = YES;
				CLANG_WARN__DUPLICATE_METHOD_MATCH = YES;
				"CODE_SIGN_IDENTITY[sdk=iphoneos*]" = "iPhone Developer";
				COPY_PHASE_STRIP = NO;
				DEBUG_INFORMATION_FORMAT = dwarf;
				ENABLE_STRICT_OBJC_MSGSEND = YES;
				ENABLE_TESTABILITY = YES;
				GCC_C_LANGUAGE_STANDARD = gnu99;
				GCC_DYNAMIC_NO_PIC = NO;
				GCC_NO_COMMON_BLOCKS = YES;
				GCC_OPTIMIZATION_LEVEL = 0;
				GCC_PREPROCESSOR_DEFINITIONS = (
					"DEBUG=1",
					"$(inherited)",
				);
				GCC_WARN_64_TO_32_BIT_CONVERSION = YES;
				GCC_WARN_ABOUT_RETURN_TYPE = YES_ERROR;
				GCC_WARN_UNDECLARED_SELECTOR = YES;
				GCC_WARN_UNINITIALIZED_AUTOS = YES_AGGRESSIVE;
				GCC_WARN_UNUSED_FUNCTION = YES;
				GCC_WARN_UNUSED_VARIABLE = YES;
				IPHONEOS_DEPLOYMENT_TARGET = 9.3;
				MTL_ENABLE_DEBUG_INFO = YES;
				ONLY_ACTIVE_ARCH = YES;
				SDKROOT = iphoneos;
				SWIFT_OPTIMIZATION_LEVEL = "-Onone";
				TARGETED_DEVICE_FAMILY = "1,2";
			};
			name = Debug;
		};
		8DB69E211D636859006EF766 /* Release */ = {
			isa = XCBuildConfiguration;
			buildSettings = {
				ALWAYS_SEARCH_USER_PATHS = NO;
				CLANG_ANALYZER_NONNULL = YES;
				CLANG_CXX_LANGUAGE_STANDARD = "gnu++0x";
				CLANG_CXX_LIBRARY = "libc++";
				CLANG_ENABLE_MODULES = YES;
				CLANG_ENABLE_OBJC_ARC = YES;
				CLANG_WARN_BOOL_CONVERSION = YES;
				CLANG_WARN_CONSTANT_CONVERSION = YES;
				CLANG_WARN_DIRECT_OBJC_ISA_USAGE = YES_ERROR;
				CLANG_WARN_EMPTY_BODY = YES;
				CLANG_WARN_ENUM_CONVERSION = YES;
				CLANG_WARN_INT_CONVERSION = YES;
				CLANG_WARN_OBJC_ROOT_CLASS = YES_ERROR;
				CLANG_WARN_UNREACHABLE_CODE = YES;
				CLANG_WARN__DUPLICATE_METHOD_MATCH = YES;
				"CODE_SIGN_IDENTITY[sdk=iphoneos*]" = "iPhone Developer";
				COPY_PHASE_STRIP = NO;
				DEBUG_INFORMATION_FORMAT = "dwarf-with-dsym";
				ENABLE_NS_ASSERTIONS = NO;
				ENABLE_STRICT_OBJC_MSGSEND = YES;
				GCC_C_LANGUAGE_STANDARD = gnu99;
				GCC_NO_COMMON_BLOCKS = YES;
				GCC_WARN_64_TO_32_BIT_CONVERSION = YES;
				GCC_WARN_ABOUT_RETURN_TYPE = YES_ERROR;
				GCC_WARN_UNDECLARED_SELECTOR = YES;
				GCC_WARN_UNINITIALIZED_AUTOS = YES_AGGRESSIVE;
				GCC_WARN_UNUSED_FUNCTION = YES;
				GCC_WARN_UNUSED_VARIABLE = YES;
				IPHONEOS_DEPLOYMENT_TARGET = 9.3;
				MTL_ENABLE_DEBUG_INFO = NO;
				SDKROOT = iphoneos;
				TARGETED_DEVICE_FAMILY = "1,2";
				VALIDATE_PRODUCT = YES;
			};
			name = Release;
		};
		8DB69E231D636859006EF766 /* Debug */ = {
			isa = XCBuildConfiguration;
			buildSettings = {
				ASSETCATALOG_COMPILER_APPICON_NAME = AppIcon;
				CLANG_ENABLE_MODULES = YES;
				CODE_SIGN_IDENTITY = "iPhone Developer";
				"CODE_SIGN_IDENTITY[sdk=iphoneos*]" = "iPhone Developer";
				INFOPLIST_FILE = Pokedex/Info.plist;
				LD_RUNPATH_SEARCH_PATHS = "$(inherited) @executable_path/Frameworks";
				PRODUCT_BUNDLE_IDENTIFIER = com.JavanChen.Pokedex;
				PRODUCT_NAME = "$(TARGET_NAME)";
				PROVISIONING_PROFILE = "";
				SWIFT_OBJC_BRIDGING_HEADER = "";
				SWIFT_OPTIMIZATION_LEVEL = "-Onone";
				TARGETED_DEVICE_FAMILY = "1,2";
			};
			name = Debug;
		};
		8DB69E241D636859006EF766 /* Release */ = {
			isa = XCBuildConfiguration;
			buildSettings = {
				ASSETCATALOG_COMPILER_APPICON_NAME = AppIcon;
				CLANG_ENABLE_MODULES = YES;
				CODE_SIGN_IDENTITY = "iPhone Developer";
				"CODE_SIGN_IDENTITY[sdk=iphoneos*]" = "iPhone Developer";
				INFOPLIST_FILE = Pokedex/Info.plist;
				LD_RUNPATH_SEARCH_PATHS = "$(inherited) @executable_path/Frameworks";
				PRODUCT_BUNDLE_IDENTIFIER = com.JavanChen.Pokedex;
				PRODUCT_NAME = "$(TARGET_NAME)";
				PROVISIONING_PROFILE = "";
				SWIFT_OBJC_BRIDGING_HEADER = "";
				TARGETED_DEVICE_FAMILY = "1,2";
			};
			name = Release;
		};
/* End XCBuildConfiguration section */

/* Begin XCConfigurationList section */
		8DB69E0B1D636859006EF766 /* Build configuration list for PBXProject "Pokedex" */ = {
			isa = XCConfigurationList;
			buildConfigurations = (
				8DB69E201D636859006EF766 /* Debug */,
				8DB69E211D636859006EF766 /* Release */,
			);
			defaultConfigurationIsVisible = 0;
			defaultConfigurationName = Release;
		};
		8DB69E221D636859006EF766 /* Build configuration list for PBXNativeTarget "Pokedex" */ = {
			isa = XCConfigurationList;
			buildConfigurations = (
				8DB69E231D636859006EF766 /* Debug */,
				8DB69E241D636859006EF766 /* Release */,
			);
			defaultConfigurationIsVisible = 0;
			defaultConfigurationName = Release;
		};
/* End XCConfigurationList section */
	};
	rootObject = 8DB69E081D636859006EF766 /* Project object */;
}
